
Microsoft Visual Studio Solution File, Format Version 12.00
# Visual Studio Version 17
VisualStudioVersion = 17.12.35707.178
MinimumVisualStudioVersion = 10.0.40219.1
Project("{C9674DCB-5085-4A16-B785-4C70DD1589BD}") = "ISE311U01", "Integration Services Project1\ISE311U01.dtproj", "{846EEEA5-E2BC-4410-9BD4-1C95AB911B74}"
EndProject
Global
	GlobalSection(SolutionConfigurationPlatforms) = preSolution
		Development|Default = Development|Default
	EndGlobalSection
	GlobalSection(ProjectConfigurationPlatforms) = postSolution
		{846EEEA5-E2BC-4410-9BD4-1C95AB911B74}.Development|Default.ActiveCfg = Development
		{846EEEA5-E2BC-4410-9BD4-1C95AB911B74}.Development|Default.Build.0 = Development
	EndGlobalSection
	GlobalSection(SolutionProperties) = preSolution
		HideSolutionNode = FALSE
	EndGlobalSection
EndGlobal
